
Microsoft Visual Studio Solution File, Format Version 12.00
# Visual Studio Version 16
VisualStudioVersion = 16.0.31205.134
MinimumVisualStudioVersion = 10.0.40219.1
Project("{9A19103F-16F7-4668-BE54-9A1E7A4F7556}") = "Database", "Database\Database.csproj", "{CD93FD1B-51A2-4B19-986E-D5CE31578BF7}"
EndProject
Global
	GlobalSection(SolutionConfigurationPlatforms) = preSolution
		Debug|Any CPU = Debug|Any CPU
		Release|Any CPU = Release|Any CPU
	EndGlobalSection
	GlobalSection(ProjectConfigurationPlatforms) = postSolution
		{CD93FD1B-51A2-4B19-986E-D5CE31578BF7}.Debug|Any CPU.ActiveCfg = Debug|Any CPU
		{CD93FD1B-51A2-4B19-986E-D5CE31578BF7}.Debug|Any CPU.Build.0 = Debug|Any CPU
		{CD93FD1B-51A2-4B19-986E-D5CE31578BF7}.Release|Any CPU.ActiveCfg = Release|Any CPU
		{CD93FD1B-51A2-4B19-986E-D5CE31578BF7}.Release|Any CPU.Build.0 = Release|Any CPU
	EndGlobalSection
	GlobalSection(SolutionProperties) = preSolution
		HideSolutionNode = FALSE
	EndGlobalSection
	GlobalSection(ExtensibilityGlobals) = postSolution
		SolutionGuid = {CDE02A32-530C-467C-820E-CC04BA2A963F}
	EndGlobalSection
EndGlobal
