
Microsoft Visual Studio Solution File, Format Version 12.00
# Visual Studio Version 16
VisualStudioVersion = 16.0.31402.337
MinimumVisualStudioVersion = 10.0.40219.1
Project("{FAE04EC0-301F-11D3-BF4B-00C04F79EFBC}") = "Database", "Database\Database.csproj", "{478FFDC7-7DA2-4418-A50B-F69E935354CA}"
EndProject
Global
	GlobalSection(SolutionConfigurationPlatforms) = preSolution
		Debug|Any CPU = Debug|Any CPU
		Release|Any CPU = Release|Any CPU
	EndGlobalSection
	GlobalSection(ProjectConfigurationPlatforms) = postSolution
		{478FFDC7-7DA2-4418-A50B-F69E935354CA}.Debug|Any CPU.ActiveCfg = Debug|Any CPU
		{478FFDC7-7DA2-4418-A50B-F69E935354CA}.Debug|Any CPU.Build.0 = Debug|Any CPU
		{478FFDC7-7DA2-4418-A50B-F69E935354CA}.Release|Any CPU.ActiveCfg = Release|Any CPU
		{478FFDC7-7DA2-4418-A50B-F69E935354CA}.Release|Any CPU.Build.0 = Release|Any CPU
	EndGlobalSection
	GlobalSection(SolutionProperties) = preSolution
		HideSolutionNode = FALSE
	EndGlobalSection
	GlobalSection(ExtensibilityGlobals) = postSolution
		SolutionGuid = {385BBB59-C1EB-4582-86DF-343899EF1EC0}
	EndGlobalSection
EndGlobal
